// !$*UTF8*$!
{
	archiveVersion = 1;
	classes = {
	};
	objectVersion = 46;
	objects = {

/* Begin PBXBuildFile section */
		BF7E49D21AD668A500C0019B /* main.m in Sources */ = {isa = PBXBuildFile; fileRef = BF7E49D11AD668A500C0019B /* main.m */; };
		BF7E49D51AD668A500C0019B /* AppDelegate.m in Sources */ = {isa = PBXBuildFile; fileRef = BF7E49D41AD668A500C0019B /* AppDelegate.m */; };
		BF7E49D81AD668A500C0019B /* GameScene.m in Sources */ = {isa = PBXBuildFile; fileRef = BF7E49D71AD668A500C0019B /* GameScene.m */; };
		BF7E49DA1AD668A500C0019B /* GameScene.sks in Resources */ = {isa = PBXBuildFile; fileRef = BF7E49D91AD668A500C0019B /* GameScene.sks */; };
		BF7E49DD1AD668A500C0019B /* GameViewController.m in Sources */ = {isa = PBXBuildFile; fileRef = BF7E49DC1AD668A500C0019B /* GameViewController.m */; };
		BF7E49E01AD668A500C0019B /* Main.storyboard in Resources */ = {isa = PBXBuildFile; fileRef = BF7E49DE1AD668A500C0019B /* Main.storyboard */; };
		BF7E49E21AD668A500C0019B /* Images.xcassets in Resources */ = {isa = PBXBuildFile; fileRef = BF7E49E11AD668A500C0019B /* Images.xcassets */; };
		BF7E49E51AD668A500C0019B /* LaunchScreen.xib in Resources */ = {isa = PBXBuildFile; fileRef = BF7E49E31AD668A500C0019B /* LaunchScreen.xib */; };
		BF7E49F11AD668A600C0019B /* Hop_HeroTests.m in Sources */ = {isa = PBXBuildFile; fileRef = BF7E49F01AD668A600C0019B /* Hop_HeroTests.m */; };
/* End PBXBuildFile section */

/* Begin PBXContainerItemProxy section */
		BF7E49EB1AD668A600C0019B /* PBXContainerItemProxy */ = {
			isa = PBXContainerItemProxy;
			containerPortal = BF7E49C41AD668A500C0019B /* Project object */;
			proxyType = 1;
			remoteGlobalIDString = BF7E49CB1AD668A500C0019B;
			remoteInfo = "Hop Hero";
		};
/* End PBXContainerItemProxy section */

/* Begin PBXFileReference section */
		BF7E49CC1AD668A500C0019B /* Hop Hero.app */ = {isa = PBXFileReference; explicitFileType = wrapper.application; includeInIndex = 0; path = "Hop Hero.app"; sourceTree = BUILT_PRODUCTS_DIR; };
		BF7E49D01AD668A500C0019B /* Info.plist */ = {isa = PBXFileReference; lastKnownFileType = text.plist.xml; path = Info.plist; sourceTree = "<group>"; };
		BF7E49D11AD668A500C0019B /* main.m */ = {isa = PBXFileReference; lastKnownFileType = sourcecode.c.objc; path = main.m; sourceTree = "<group>"; };
		BF7E49D31AD668A500C0019B /* AppDelegate.h */ = {isa = PBXFileReference; lastKnownFileType = sourcecode.c.h; path = AppDelegate.h; sourceTree = "<group>"; };
		BF7E49D41AD668A500C0019B /* AppDelegate.m */ = {isa = PBXFileReference; lastKnownFileType = sourcecode.c.objc; path = AppDelegate.m; sourceTree = "<group>"; };
		BF7E49D61AD668A500C0019B /* GameScene.h */ = {isa = PBXFileReference; lastKnownFileType = sourcecode.c.h; path = GameScene.h; sourceTree = "<group>"; };
		BF7E49D71AD668A500C0019B /* GameScene.m */ = {isa = PBXFileReference; lastKnownFileType = sourcecode.c.objc; path = GameScene.m; sourceTree = "<group>"; };
		BF7E49D91AD668A500C0019B /* GameScene.sks */ = {isa = PBXFileReference; lastKnownFileType = file.sks; path = GameScene.sks; sourceTree = "<group>"; };
		BF7E49DB1AD668A500C0019B /* GameViewController.h */ = {isa = PBXFileReference; lastKnownFileType = sourcecode.c.h; path = GameViewController.h; sourceTree = "<group>"; };
		BF7E49DC1AD668A500C0019B /* GameViewController.m */ = {isa = PBXFileReference; lastKnownFileType = sourcecode.c.objc; path = GameViewController.m; sourceTree = "<group>"; };
		BF7E49DF1AD668A500C0019B /* Base */ = {isa = PBXFileReference; lastKnownFileType = file.storyboard; name = Base; path = Base.lproj/Main.storyboard; sourceTree = "<group>"; };
		BF7E49E11AD668A500C0019B /* Images.xcassets */ = {isa = PBXFileReference; lastKnownFileType = folder.assetcatalog; path = Images.xcassets; sourceTree = "<group>"; };
		BF7E49E41AD668A500C0019B /* Base */ = {isa = PBXFileReference; lastKnownFileType = file.xib; name = Base; path = Base.lproj/LaunchScreen.xib; sourceTree = "<group>"; };
		BF7E49EA1AD668A600C0019B /* Hop HeroTests.xctest */ = {isa = PBXFileReference; explicitFileType = wrapper.cfbundle; includeInIndex = 0; path = "Hop HeroTests.xctest"; sourceTree = BUILT_PRODUCTS_DIR; };
		BF7E49EF1AD668A600C0019B /* Info.plist */ = {isa = PBXFileReference; lastKnownFileType = text.plist.xml; path = Info.plist; sourceTree = "<group>"; };
		BF7E49F01AD668A600C0019B /* Hop_HeroTests.m */ = {isa = PBXFileReference; lastKnownFileType = sourcecode.c.objc; path = Hop_HeroTests.m; sourceTree = "<group>"; };
/* End PBXFileReference section */

/* Begin PBXFrameworksBuildPhase section */
		BF7E49C91AD668A500C0019B /* Frameworks */ = {
			isa = PBXFrameworksBuildPhase;
			buildActionMask = 2147483647;
			files = (
			);
			runOnlyForDeploymentPostprocessing = 0;
		};
		BF7E49E71AD668A600C0019B /* Frameworks */ = {
			isa = PBXFrameworksBuildPhase;
			buildActionMask = 2147483647;
			files = (
			);
			runOnlyForDeploymentPostprocessing = 0;
		};
/* End PBXFrameworksBuildPhase section */

/* Begin PBXGroup section */
		BF7E49C31AD668A500C0019B = {
			isa = PBXGroup;
			children = (
				BF7E49CE1AD668A500C0019B /* Hop Hero */,
				BF7E49ED1AD668A600C0019B /* Hop HeroTests */,
				BF7E49CD1AD668A500C0019B /* Products */,
			);
			sourceTree = "<group>";
		};
		BF7E49CD1AD668A500C0019B /* Products */ = {
			isa = PBXGroup;
			children = (
				BF7E49CC1AD668A500C0019B /* Hop Hero.app */,
				BF7E49EA1AD668A600C0019B /* Hop HeroTests.xctest */,
			);
			name = Products;
			sourceTree = "<group>";
		};
		BF7E49CE1AD668A500C0019B /* Hop Hero */ = {
			isa = PBXGroup;
			children = (
				BF7E49D31AD668A500C0019B /* AppDelegate.h */,
				BF7E49D41AD668A500C0019B /* AppDelegate.m */,
				BF7E49D61AD668A500C0019B /* GameScene.h */,
				BF7E49D71AD668A500C0019B /* GameScene.m */,
				BF7E49D91AD668A500C0019B /* GameScene.sks */,
				BF7E49DB1AD668A500C0019B /* GameViewController.h */,
				BF7E49DC1AD668A500C0019B /* GameViewController.m */,
				BF7E49DE1AD668A500C0019B /* Main.storyboard */,
				BF7E49E11AD668A500C0019B /* Images.xcassets */,
				BF7E49E31AD668A500C0019B /* LaunchScreen.xib */,
				BF7E49CF1AD668A500C0019B /* Supporting Files */,
			);
			path = "Hop Hero";
			sourceTree = "<group>";
		};
		BF7E49CF1AD668A500C0019B /* Supporting Files */ = {
			isa = PBXGroup;
			children = (
				BF7E49D01AD668A500C0019B /* Info.plist */,
				BF7E49D11AD668A500C0019B /* main.m */,
			);
			name = "Supporting Files";
			sourceTree = "<group>";
		};
		BF7E49ED1AD668A600C0019B /* Hop HeroTests */ = {
			isa = PBXGroup;
			children = (
				BF7E49F01AD668A600C0019B /* Hop_HeroTests.m */,
				BF7E49EE1AD668A600C0019B /* Supporting Files */,
			);
			path = "Hop HeroTests";
			sourceTree = "<group>";
		};
		BF7E49EE1AD668A600C0019B /* Supporting Files */ = {
			isa = PBXGroup;
			children = (
				BF7E49EF1AD668A600C0019B /* Info.plist */,
			);
			name = "Supporting Files";
			sourceTree = "<group>";
		};
/* End PBXGroup section */

/* Begin PBXNativeTarget section */
		BF7E49CB1AD668A500C0019B /* Hop Hero */ = {
			isa = PBXNativeTarget;
			buildConfigurationList = BF7E49F41AD668A600C0019B /* Build configuration list for PBXNativeTarget "Hop Hero" */;
			buildPhases = (
				BF7E49C81AD668A500C0019B /* Sources */,
				BF7E49C91AD668A500C0019B /* Frameworks */,
				BF7E49CA1AD668A500C0019B /* Resources */,
			);
			buildRules = (
			);
			dependencies = (
			);
			name = "Hop Hero";
			productName = "Hop Hero";
			productReference = BF7E49CC1AD668A500C0019B /* Hop Hero.app */;
			productType = "com.apple.product-type.application";
		};
		BF7E49E91AD668A600C0019B /* Hop HeroTests */ = {
			isa = PBXNativeTarget;
			buildConfigurationList = BF7E49F71AD668A600C0019B /* Build configuration list for PBXNativeTarget "Hop HeroTests" */;
			buildPhases = (
				BF7E49E61AD668A600C0019B /* Sources */,
				BF7E49E71AD668A600C0019B /* Frameworks */,
				BF7E49E81AD668A600C0019B /* Resources */,
			);
			buildRules = (
			);
			dependencies = (
				BF7E49EC1AD668A600C0019B /* PBXTargetDependency */,
			);
			name = "Hop HeroTests";
			productName = "Hop HeroTests";
			productReference = BF7E49EA1AD668A600C0019B /* Hop HeroTests.xctest */;
			productType = "com.apple.product-type.bundle.unit-test";
		};
/* End PBXNativeTarget section */

/* Begin PBXProject section */
		BF7E49C41AD668A500C0019B /* Project object */ = {
			isa = PBXProject;
			attributes = {
				LastUpgradeCheck = 0610;
				ORGANIZATIONNAME = humancool;
				TargetAttributes = {
					BF7E49CB1AD668A500C0019B = {
						CreatedOnToolsVersion = 6.1;
					};
					BF7E49E91AD668A600C0019B = {
						CreatedOnToolsVersion = 6.1;
						TestTargetID = BF7E49CB1AD668A500C0019B;
					};
				};
			};
			buildConfigurationList = BF7E49C71AD668A500C0019B /* Build configuration list for PBXProject "Hop Hero" */;
			compatibilityVersion = "Xcode 3.2";
			developmentRegion = English;
			hasScannedForEncodings = 0;
			knownRegions = (
				en,
				Base,
			);
			mainGroup = BF7E49C31AD668A500C0019B;
			productRefGroup = BF7E49CD1AD668A500C0019B /* Products */;
			projectDirPath = "";
			projectRoot = "";
			targets = (
				BF7E49CB1AD668A500C0019B /* Hop Hero */,
				BF7E49E91AD668A600C0019B /* Hop HeroTests */,
			);
		};
/* End PBXProject section */

/* Begin PBXResourcesBuildPhase section */
		BF7E49CA1AD668A500C0019B /* Resources */ = {
			isa = PBXResourcesBuildPhase;
			buildActionMask = 2147483647;
			files = (
				BF7E49E51AD668A500C0019B /* LaunchScreen.xib in Resources */,
				BF7E49E21AD668A500C0019B /* Images.xcassets in Resources */,
				BF7E49DA1AD668A500C0019B /* GameScene.sks in Resources */,
				BF7E49E01AD668A500C0019B /* Main.storyboard in Resources */,
			);
			runOnlyForDeploymentPostprocessing = 0;
		};
		BF7E49E81AD668A600C0019B /* Resources */ = {
			isa = PBXResourcesBuildPhase;
			buildActionMask = 2147483647;
			files = (
			);
			runOnlyForDeploymentPostprocessing = 0;
		};
/* End PBXResourcesBuildPhase section */

/* Begin PBXSourcesBuildPhase section */
		BF7E49C81AD668A500C0019B /* Sources */ = {
			isa = PBXSourcesBuildPhase;
			buildActionMask = 2147483647;
			files = (
				BF7E49DD1AD668A500C0019B /* GameViewController.m in Sources */,
				BF7E49D51AD668A500C0019B /* AppDelegate.m in Sources */,
				BF7E49D81AD668A500C0019B /* GameScene.m in Sources */,
				BF7E49D21AD668A500C0019B /* main.m in Sources */,
			);
			runOnlyForDeploymentPostprocessing = 0;
		};
		BF7E49E61AD668A600C0019B /* Sources */ = {
			isa = PBXSourcesBuildPhase;
			buildActionMask = 2147483647;
			files = (
				BF7E49F11AD668A600C0019B /* Hop_HeroTests.m in Sources */,
			);
			runOnlyForDeploymentPostprocessing = 0;
		};
/* End PBXSourcesBuildPhase section */

/* Begin PBXTargetDependency section */
		BF7E49EC1AD668A600C0019B /* PBXTargetDependency */ = {
			isa = PBXTargetDependency;
			target = BF7E49CB1AD668A500C0019B /* Hop Hero */;
			targetProxy = BF7E49EB1AD668A600C0019B /* PBXContainerItemProxy */;
		};
/* End PBXTargetDependency section */

/* Begin PBXVariantGroup section */
		BF7E49DE1AD668A500C0019B /* Main.storyboard */ = {
			isa = PBXVariantGroup;
			children = (
				BF7E49DF1AD668A500C0019B /* Base */,
			);
			name = Main.storyboard;
			sourceTree = "<group>";
		};
		BF7E49E31AD668A500C0019B /* LaunchScreen.xib */ = {
			isa = PBXVariantGroup;
			children = (
				BF7E49E41AD668A500C0019B /* Base */,
			);
			name = LaunchScreen.xib;
			sourceTree = "<group>";
		};
/* End PBXVariantGroup section */

/* Begin XCBuildConfiguration section */
		BF7E49F21AD668A600C0019B /* Debug */ = {
			isa = XCBuildConfiguration;
			buildSettings = {
				ALWAYS_SEARCH_USER_PATHS = NO;
				CLANG_CXX_LANGUAGE_STANDARD = "gnu++0x";
				CLANG_CXX_LIBRARY = "libc++";
				CLANG_ENABLE_MODULES = YES;
				CLANG_ENABLE_OBJC_ARC = YES;
				CLANG_WARN_BOOL_CONVERSION = YES;
				CLANG_WARN_CONSTANT_CONVERSION = YES;
				CLANG_WARN_DIRECT_OBJC_ISA_USAGE = YES_ERROR;
				CLANG_WARN_EMPTY_BODY = YES;
				CLANG_WARN_ENUM_CONVERSION = YES;
				CLANG_WARN_INT_CONVERSION = YES;
				CLANG_WARN_OBJC_ROOT_CLASS = YES_ERROR;
				CLANG_WARN_UNREACHABLE_CODE = YES;
				CLANG_WARN__DUPLICATE_METHOD_MATCH = YES;
				"CODE_SIGN_IDENTITY[sdk=iphoneos*]" = "iPhone Developer";
				COPY_PHASE_STRIP = NO;
				ENABLE_STRICT_OBJC_MSGSEND = YES;
				GCC_C_LANGUAGE_STANDARD = gnu99;
				GCC_DYNAMIC_NO_PIC = NO;
				GCC_OPTIMIZATION_LEVEL = 0;
				GCC_PREPROCESSOR_DEFINITIONS = (
					"DEBUG=1",
					"$(inherited)",
				);
				GCC_SYMBOLS_PRIVATE_EXTERN = NO;
				GCC_WARN_64_TO_32_BIT_CONVERSION = YES;
				GCC_WARN_ABOUT_RETURN_TYPE = YES_ERROR;
				GCC_WARN_UNDECLARED_SELECTOR = YES;
				GCC_WARN_UNINITIALIZED_AUTOS = YES_AGGRESSIVE;
				GCC_WARN_UNUSED_FUNCTION = YES;
				GCC_WARN_UNUSED_VARIABLE = YES;
				IPHONEOS_DEPLOYMENT_TARGET = 8.1;
				MTL_ENABLE_DEBUG_INFO = YES;
				ONLY_ACTIVE_ARCH = YES;
				SDKROOT = iphoneos;
			};
			name = Debug;
		};
		BF7E49F31AD668A600C0019B /* Release */ = {
			isa = XCBuildConfiguration;
			buildSettings = {
				ALWAYS_SEARCH_USER_PATHS = NO;
				CLANG_CXX_LANGUAGE_STANDARD = "gnu++0x";
				CLANG_CXX_LIBRARY = "libc++";
				CLANG_ENABLE_MODULES = YES;
				CLANG_ENABLE_OBJC_ARC = YES;
				CLANG_WARN_BOOL_CONVERSION = YES;
				CLANG_WARN_CONSTANT_CONVERSION = YES;
				CLANG_WARN_DIRECT_OBJC_ISA_USAGE = YES_ERROR;
				CLANG_WARN_EMPTY_BODY = YES;
				CLANG_WARN_ENUM_CONVERSION = YES;
				CLANG_WARN_INT_CONVERSION = YES;
				CLANG_WARN_OBJC_ROOT_CLASS = YES_ERROR;
				CLANG_WARN_UNREACHABLE_CODE = YES;
				CLANG_WARN__DUPLICATE_METHOD_MATCH = YES;
				"CODE_SIGN_IDENTITY[sdk=iphoneos*]" = "iPhone Developer";
				COPY_PHASE_STRIP = YES;
				ENABLE_NS_ASSERTIONS = NO;
				ENABLE_STRICT_OBJC_MSGSEND = YES;
				GCC_C_LANGUAGE_STANDARD = gnu99;
				GCC_WARN_64_TO_32_BIT_CONVERSION = YES;
				GCC_WARN_ABOUT_RETURN_TYPE = YES_ERROR;
				GCC_WARN_UNDECLARED_SELECTOR = YES;
				GCC_WARN_UNINITIALIZED_AUTOS = YES_AGGRESSIVE;
				GCC_WARN_UNUSED_FUNCTION = YES;
				GCC_WARN_UNUSED_VARIABLE = YES;
				IPHONEOS_DEPLOYMENT_TARGET = 8.1;
				MTL_ENABLE_DEBUG_INFO = NO;
				SDKROOT = iphoneos;
				VALIDATE_PRODUCT = YES;
			};
			name = Release;
		};
		BF7E49F51AD668A600C0019B /* Debug */ = {
			isa = XCBuildConfiguration;
			buildSettings = {
				ASSETCATALOG_COMPILER_APPICON_NAME = AppIcon;
				INFOPLIST_FILE = "Hop Hero/Info.plist";
				LD_RUNPATH_SEARCH_PATHS = "$(inherited) @executable_path/Frameworks";
				PRODUCT_NAME = "$(TARGET_NAME)";
			};
			name = Debug;
		};
		BF7E49F61AD668A600C0019B /* Release */ = {
			isa = XCBuildConfiguration;
			buildSettings = {
				ASSETCATALOG_COMPILER_APPICON_NAME = AppIcon;
				INFOPLIST_FILE = "Hop Hero/Info.plist";
				LD_RUNPATH_SEARCH_PATHS = "$(inherited) @executable_path/Frameworks";
				PRODUCT_NAME = "$(TARGET_NAME)";
			};
			name = Release;
		};
		BF7E49F81AD668A600C0019B /* Debug */ = {
			isa = XCBuildConfiguration;
			buildSettings = {
				BUNDLE_LOADER = "$(TEST_HOST)";
				FRAMEWORK_SEARCH_PATHS = (
					"$(SDKROOT)/Developer/Library/Frameworks",
					"$(inherited)",
				);
				GCC_PREPROCESSOR_DEFINITIONS = (
					"DEBUG=1",
					"$(inherited)",
				);
				INFOPLIST_FILE = "Hop HeroTests/Info.plist";
				LD_RUNPATH_SEARCH_PATHS = "$(inherited) @executable_path/Frameworks @loader_path/Frameworks";
				PRODUCT_NAME = "$(TARGET_NAME)";
				TEST_HOST = "$(BUILT_PRODUCTS_DIR)/Hop Hero.app/Hop Hero";
			};
			name = Debug;
		};
		BF7E49F91AD668A600C0019B /* Release */ = {
			isa = XCBuildConfiguration;
			buildSettings = {
				BUNDLE_LOADER = "$(TEST_HOST)";
				FRAMEWORK_SEARCH_PATHS = (
					"$(SDKROOT)/Developer/Library/Frameworks",
					"$(inherited)",
				);
				INFOPLIST_FILE = "Hop HeroTests/Info.plist";
				LD_RUNPATH_SEARCH_PATHS = "$(inherited) @executable_path/Frameworks @loader_path/Frameworks";
				PRODUCT_NAME = "$(TARGET_NAME)";
				TEST_HOST = "$(BUILT_PRODUCTS_DIR)/Hop Hero.app/Hop Hero";
			};
			name = Release;
		};
/* End XCBuildConfiguration section */

/* Begin XCConfigurationList section */
		BF7E49C71AD668A500C0019B /* Build configuration list for PBXProject "Hop Hero" */ = {
			isa = XCConfigurationList;
			buildConfigurations = (
				BF7E49F21AD668A600C0019B /* Debug */,
				BF7E49F31AD668A600C0019B /* Release */,
			);
			defaultConfigurationIsVisible = 0;
			defaultConfigurationName = Release;
		};
		BF7E49F41AD668A600C0019B /* Build configuration list for PBXNativeTarget "Hop Hero" */ = {
			isa = XCConfigurationList;
			buildConfigurations = (
				BF7E49F51AD668A600C0019B /* Debug */,
				BF7E49F61AD668A600C0019B /* Release */,
			);
			defaultConfigurationIsVisible = 0;
		};
		BF7E49F71AD668A600C0019B /* Build configuration list for PBXNativeTarget "Hop HeroTests" */ = {
			isa = XCConfigurationList;
			buildConfigurations = (
				BF7E49F81AD668A600C0019B /* Debug */,
				BF7E49F91AD668A600C0019B /* Release */,
			);
			defaultConfigurationIsVisible = 0;
		};
/* End XCConfigurationList section */
	};
	rootObject = BF7E49C41AD668A500C0019B /* Project object */;
}
