// !$*UTF8*$!
{
	archiveVersion = 1;
	classes = {
	};
	objectVersion = 46;
	objects = {

/* Begin PBXBuildFile section */
		BFC0C1261ACA29DC00F0002F /* main.m in Sources */ = {isa = PBXBuildFile; fileRef = BFC0C1251ACA29DC00F0002F /* main.m */; };
		BFC0C1291ACA29DC00F0002F /* AppDelegate.m in Sources */ = {isa = PBXBuildFile; fileRef = BFC0C1281ACA29DC00F0002F /* AppDelegate.m */; };
		BFC0C12C1ACA29DC00F0002F /* GameScene.m in Sources */ = {isa = PBXBuildFile; fileRef = BFC0C12B1ACA29DC00F0002F /* GameScene.m */; };
		BFC0C12E1ACA29DC00F0002F /* GameScene.sks in Resources */ = {isa = PBXBuildFile; fileRef = BFC0C12D1ACA29DC00F0002F /* GameScene.sks */; };
		BFC0C1311ACA29DC00F0002F /* GameViewController.m in Sources */ = {isa = PBXBuildFile; fileRef = BFC0C1301ACA29DC00F0002F /* GameViewController.m */; };
		BFC0C1341ACA29DC00F0002F /* Main.storyboard in Resources */ = {isa = PBXBuildFile; fileRef = BFC0C1321ACA29DC00F0002F /* Main.storyboard */; };
		BFC0C1361ACA29DC00F0002F /* Images.xcassets in Resources */ = {isa = PBXBuildFile; fileRef = BFC0C1351ACA29DC00F0002F /* Images.xcassets */; };
		BFC0C1391ACA29DC00F0002F /* LaunchScreen.xib in Resources */ = {isa = PBXBuildFile; fileRef = BFC0C1371ACA29DC00F0002F /* LaunchScreen.xib */; };
		BFC0C1451ACA29DC00F0002F /* Hop_HeroTests.m in Sources */ = {isa = PBXBuildFile; fileRef = BFC0C1441ACA29DC00F0002F /* Hop_HeroTests.m */; };
/* End PBXBuildFile section */

/* Begin PBXContainerItemProxy section */
		BFC0C13F1ACA29DC00F0002F /* PBXContainerItemProxy */ = {
			isa = PBXContainerItemProxy;
			containerPortal = BFC0C1181ACA29DC00F0002F /* Project object */;
			proxyType = 1;
			remoteGlobalIDString = BFC0C11F1ACA29DC00F0002F;
			remoteInfo = "Hop Hero";
		};
/* End PBXContainerItemProxy section */

/* Begin PBXFileReference section */
		BFC0C1201ACA29DC00F0002F /* Hop Hero.app */ = {isa = PBXFileReference; explicitFileType = wrapper.application; includeInIndex = 0; path = "Hop Hero.app"; sourceTree = BUILT_PRODUCTS_DIR; };
		BFC0C1241ACA29DC00F0002F /* Info.plist */ = {isa = PBXFileReference; lastKnownFileType = text.plist.xml; path = Info.plist; sourceTree = "<group>"; };
		BFC0C1251ACA29DC00F0002F /* main.m */ = {isa = PBXFileReference; lastKnownFileType = sourcecode.c.objc; path = main.m; sourceTree = "<group>"; };
		BFC0C1271ACA29DC00F0002F /* AppDelegate.h */ = {isa = PBXFileReference; lastKnownFileType = sourcecode.c.h; path = AppDelegate.h; sourceTree = "<group>"; };
		BFC0C1281ACA29DC00F0002F /* AppDelegate.m */ = {isa = PBXFileReference; lastKnownFileType = sourcecode.c.objc; path = AppDelegate.m; sourceTree = "<group>"; };
		BFC0C12A1ACA29DC00F0002F /* GameScene.h */ = {isa = PBXFileReference; lastKnownFileType = sourcecode.c.h; path = GameScene.h; sourceTree = "<group>"; };
		BFC0C12B1ACA29DC00F0002F /* GameScene.m */ = {isa = PBXFileReference; lastKnownFileType = sourcecode.c.objc; path = GameScene.m; sourceTree = "<group>"; };
		BFC0C12D1ACA29DC00F0002F /* GameScene.sks */ = {isa = PBXFileReference; lastKnownFileType = file.sks; path = GameScene.sks; sourceTree = "<group>"; };
		BFC0C12F1ACA29DC00F0002F /* GameViewController.h */ = {isa = PBXFileReference; lastKnownFileType = sourcecode.c.h; path = GameViewController.h; sourceTree = "<group>"; };
		BFC0C1301ACA29DC00F0002F /* GameViewController.m */ = {isa = PBXFileReference; lastKnownFileType = sourcecode.c.objc; path = GameViewController.m; sourceTree = "<group>"; };
		BFC0C1331ACA29DC00F0002F /* Base */ = {isa = PBXFileReference; lastKnownFileType = file.storyboard; name = Base; path = Base.lproj/Main.storyboard; sourceTree = "<group>"; };
		BFC0C1351ACA29DC00F0002F /* Images.xcassets */ = {isa = PBXFileReference; lastKnownFileType = folder.assetcatalog; path = Images.xcassets; sourceTree = "<group>"; };
		BFC0C1381ACA29DC00F0002F /* Base */ = {isa = PBXFileReference; lastKnownFileType = file.xib; name = Base; path = Base.lproj/LaunchScreen.xib; sourceTree = "<group>"; };
		BFC0C13E1ACA29DC00F0002F /* Hop HeroTests.xctest */ = {isa = PBXFileReference; explicitFileType = wrapper.cfbundle; includeInIndex = 0; path = "Hop HeroTests.xctest"; sourceTree = BUILT_PRODUCTS_DIR; };
		BFC0C1431ACA29DC00F0002F /* Info.plist */ = {isa = PBXFileReference; lastKnownFileType = text.plist.xml; path = Info.plist; sourceTree = "<group>"; };
		BFC0C1441ACA29DC00F0002F /* Hop_HeroTests.m */ = {isa = PBXFileReference; lastKnownFileType = sourcecode.c.objc; path = Hop_HeroTests.m; sourceTree = "<group>"; };
/* End PBXFileReference section */

/* Begin PBXFrameworksBuildPhase section */
		BFC0C11D1ACA29DC00F0002F /* Frameworks */ = {
			isa = PBXFrameworksBuildPhase;
			buildActionMask = 2147483647;
			files = (
			);
			runOnlyForDeploymentPostprocessing = 0;
		};
		BFC0C13B1ACA29DC00F0002F /* Frameworks */ = {
			isa = PBXFrameworksBuildPhase;
			buildActionMask = 2147483647;
			files = (
			);
			runOnlyForDeploymentPostprocessing = 0;
		};
/* End PBXFrameworksBuildPhase section */

/* Begin PBXGroup section */
		BFC0C1171ACA29DC00F0002F = {
			isa = PBXGroup;
			children = (
				BFC0C1221ACA29DC00F0002F /* Hop Hero */,
				BFC0C1411ACA29DC00F0002F /* Hop HeroTests */,
				BFC0C1211ACA29DC00F0002F /* Products */,
			);
			sourceTree = "<group>";
		};
		BFC0C1211ACA29DC00F0002F /* Products */ = {
			isa = PBXGroup;
			children = (
				BFC0C1201ACA29DC00F0002F /* Hop Hero.app */,
				BFC0C13E1ACA29DC00F0002F /* Hop HeroTests.xctest */,
			);
			name = Products;
			sourceTree = "<group>";
		};
		BFC0C1221ACA29DC00F0002F /* Hop Hero */ = {
			isa = PBXGroup;
			children = (
				BFC0C1271ACA29DC00F0002F /* AppDelegate.h */,
				BFC0C1281ACA29DC00F0002F /* AppDelegate.m */,
				BFC0C12A1ACA29DC00F0002F /* GameScene.h */,
				BFC0C12B1ACA29DC00F0002F /* GameScene.m */,
				BFC0C12D1ACA29DC00F0002F /* GameScene.sks */,
				BFC0C12F1ACA29DC00F0002F /* GameViewController.h */,
				BFC0C1301ACA29DC00F0002F /* GameViewController.m */,
				BFC0C1321ACA29DC00F0002F /* Main.storyboard */,
				BFC0C1351ACA29DC00F0002F /* Images.xcassets */,
				BFC0C1371ACA29DC00F0002F /* LaunchScreen.xib */,
				BFC0C1231ACA29DC00F0002F /* Supporting Files */,
			);
			path = "Hop Hero";
			sourceTree = "<group>";
		};
		BFC0C1231ACA29DC00F0002F /* Supporting Files */ = {
			isa = PBXGroup;
			children = (
				BFC0C1241ACA29DC00F0002F /* Info.plist */,
				BFC0C1251ACA29DC00F0002F /* main.m */,
			);
			name = "Supporting Files";
			sourceTree = "<group>";
		};
		BFC0C1411ACA29DC00F0002F /* Hop HeroTests */ = {
			isa = PBXGroup;
			children = (
				BFC0C1441ACA29DC00F0002F /* Hop_HeroTests.m */,
				BFC0C1421ACA29DC00F0002F /* Supporting Files */,
			);
			path = "Hop HeroTests";
			sourceTree = "<group>";
		};
		BFC0C1421ACA29DC00F0002F /* Supporting Files */ = {
			isa = PBXGroup;
			children = (
				BFC0C1431ACA29DC00F0002F /* Info.plist */,
			);
			name = "Supporting Files";
			sourceTree = "<group>";
		};
/* End PBXGroup section */

/* Begin PBXNativeTarget section */
		BFC0C11F1ACA29DC00F0002F /* Hop Hero */ = {
			isa = PBXNativeTarget;
			buildConfigurationList = BFC0C1481ACA29DC00F0002F /* Build configuration list for PBXNativeTarget "Hop Hero" */;
			buildPhases = (
				BFC0C11C1ACA29DC00F0002F /* Sources */,
				BFC0C11D1ACA29DC00F0002F /* Frameworks */,
				BFC0C11E1ACA29DC00F0002F /* Resources */,
			);
			buildRules = (
			);
			dependencies = (
			);
			name = "Hop Hero";
			productName = "Hop Hero";
			productReference = BFC0C1201ACA29DC00F0002F /* Hop Hero.app */;
			productType = "com.apple.product-type.application";
		};
		BFC0C13D1ACA29DC00F0002F /* Hop HeroTests */ = {
			isa = PBXNativeTarget;
			buildConfigurationList = BFC0C14B1ACA29DC00F0002F /* Build configuration list for PBXNativeTarget "Hop HeroTests" */;
			buildPhases = (
				BFC0C13A1ACA29DC00F0002F /* Sources */,
				BFC0C13B1ACA29DC00F0002F /* Frameworks */,
				BFC0C13C1ACA29DC00F0002F /* Resources */,
			);
			buildRules = (
			);
			dependencies = (
				BFC0C1401ACA29DC00F0002F /* PBXTargetDependency */,
			);
			name = "Hop HeroTests";
			productName = "Hop HeroTests";
			productReference = BFC0C13E1ACA29DC00F0002F /* Hop HeroTests.xctest */;
			productType = "com.apple.product-type.bundle.unit-test";
		};
/* End PBXNativeTarget section */

/* Begin PBXProject section */
		BFC0C1181ACA29DC00F0002F /* Project object */ = {
			isa = PBXProject;
			attributes = {
				LastUpgradeCheck = 0610;
				ORGANIZATIONNAME = humancool;
				TargetAttributes = {
					BFC0C11F1ACA29DC00F0002F = {
						CreatedOnToolsVersion = 6.1;
					};
					BFC0C13D1ACA29DC00F0002F = {
						CreatedOnToolsVersion = 6.1;
						TestTargetID = BFC0C11F1ACA29DC00F0002F;
					};
				};
			};
			buildConfigurationList = BFC0C11B1ACA29DC00F0002F /* Build configuration list for PBXProject "Hop Hero" */;
			compatibilityVersion = "Xcode 3.2";
			developmentRegion = English;
			hasScannedForEncodings = 0;
			knownRegions = (
				en,
				Base,
			);
			mainGroup = BFC0C1171ACA29DC00F0002F;
			productRefGroup = BFC0C1211ACA29DC00F0002F /* Products */;
			projectDirPath = "";
			projectRoot = "";
			targets = (
				BFC0C11F1ACA29DC00F0002F /* Hop Hero */,
				BFC0C13D1ACA29DC00F0002F /* Hop HeroTests */,
			);
		};
/* End PBXProject section */

/* Begin PBXResourcesBuildPhase section */
		BFC0C11E1ACA29DC00F0002F /* Resources */ = {
			isa = PBXResourcesBuildPhase;
			buildActionMask = 2147483647;
			files = (
				BFC0C1391ACA29DC00F0002F /* LaunchScreen.xib in Resources */,
				BFC0C1361ACA29DC00F0002F /* Images.xcassets in Resources */,
				BFC0C12E1ACA29DC00F0002F /* GameScene.sks in Resources */,
				BFC0C1341ACA29DC00F0002F /* Main.storyboard in Resources */,
			);
			runOnlyForDeploymentPostprocessing = 0;
		};
		BFC0C13C1ACA29DC00F0002F /* Resources */ = {
			isa = PBXResourcesBuildPhase;
			buildActionMask = 2147483647;
			files = (
			);
			runOnlyForDeploymentPostprocessing = 0;
		};
/* End PBXResourcesBuildPhase section */

/* Begin PBXSourcesBuildPhase section */
		BFC0C11C1ACA29DC00F0002F /* Sources */ = {
			isa = PBXSourcesBuildPhase;
			buildActionMask = 2147483647;
			files = (
				BFC0C1311ACA29DC00F0002F /* GameViewController.m in Sources */,
				BFC0C1291ACA29DC00F0002F /* AppDelegate.m in Sources */,
				BFC0C12C1ACA29DC00F0002F /* GameScene.m in Sources */,
				BFC0C1261ACA29DC00F0002F /* main.m in Sources */,
			);
			runOnlyForDeploymentPostprocessing = 0;
		};
		BFC0C13A1ACA29DC00F0002F /* Sources */ = {
			isa = PBXSourcesBuildPhase;
			buildActionMask = 2147483647;
			files = (
				BFC0C1451ACA29DC00F0002F /* Hop_HeroTests.m in Sources */,
			);
			runOnlyForDeploymentPostprocessing = 0;
		};
/* End PBXSourcesBuildPhase section */

/* Begin PBXTargetDependency section */
		BFC0C1401ACA29DC00F0002F /* PBXTargetDependency */ = {
			isa = PBXTargetDependency;
			target = BFC0C11F1ACA29DC00F0002F /* Hop Hero */;
			targetProxy = BFC0C13F1ACA29DC00F0002F /* PBXContainerItemProxy */;
		};
/* End PBXTargetDependency section */

/* Begin PBXVariantGroup section */
		BFC0C1321ACA29DC00F0002F /* Main.storyboard */ = {
			isa = PBXVariantGroup;
			children = (
				BFC0C1331ACA29DC00F0002F /* Base */,
			);
			name = Main.storyboard;
			sourceTree = "<group>";
		};
		BFC0C1371ACA29DC00F0002F /* LaunchScreen.xib */ = {
			isa = PBXVariantGroup;
			children = (
				BFC0C1381ACA29DC00F0002F /* Base */,
			);
			name = LaunchScreen.xib;
			sourceTree = "<group>";
		};
/* End PBXVariantGroup section */

/* Begin XCBuildConfiguration section */
		BFC0C1461ACA29DC00F0002F /* Debug */ = {
			isa = XCBuildConfiguration;
			buildSettings = {
				ALWAYS_SEARCH_USER_PATHS = NO;
				CLANG_CXX_LANGUAGE_STANDARD = "gnu++0x";
				CLANG_CXX_LIBRARY = "libc++";
				CLANG_ENABLE_MODULES = YES;
				CLANG_ENABLE_OBJC_ARC = YES;
				CLANG_WARN_BOOL_CONVERSION = YES;
				CLANG_WARN_CONSTANT_CONVERSION = YES;
				CLANG_WARN_DIRECT_OBJC_ISA_USAGE = YES_ERROR;
				CLANG_WARN_EMPTY_BODY = YES;
				CLANG_WARN_ENUM_CONVERSION = YES;
				CLANG_WARN_INT_CONVERSION = YES;
				CLANG_WARN_OBJC_ROOT_CLASS = YES_ERROR;
				CLANG_WARN_UNREACHABLE_CODE = YES;
				CLANG_WARN__DUPLICATE_METHOD_MATCH = YES;
				"CODE_SIGN_IDENTITY[sdk=iphoneos*]" = "iPhone Developer";
				COPY_PHASE_STRIP = NO;
				ENABLE_STRICT_OBJC_MSGSEND = YES;
				GCC_C_LANGUAGE_STANDARD = gnu99;
				GCC_DYNAMIC_NO_PIC = NO;
				GCC_OPTIMIZATION_LEVEL = 0;
				GCC_PREPROCESSOR_DEFINITIONS = (
					"DEBUG=1",
					"$(inherited)",
				);
				GCC_SYMBOLS_PRIVATE_EXTERN = NO;
				GCC_WARN_64_TO_32_BIT_CONVERSION = YES;
				GCC_WARN_ABOUT_RETURN_TYPE = YES_ERROR;
				GCC_WARN_UNDECLARED_SELECTOR = YES;
				GCC_WARN_UNINITIALIZED_AUTOS = YES_AGGRESSIVE;
				GCC_WARN_UNUSED_FUNCTION = YES;
				GCC_WARN_UNUSED_VARIABLE = YES;
				IPHONEOS_DEPLOYMENT_TARGET = 8.1;
				MTL_ENABLE_DEBUG_INFO = YES;
				ONLY_ACTIVE_ARCH = YES;
				SDKROOT = iphoneos;
			};
			name = Debug;
		};
		BFC0C1471ACA29DC00F0002F /* Release */ = {
			isa = XCBuildConfiguration;
			buildSettings = {
				ALWAYS_SEARCH_USER_PATHS = NO;
				CLANG_CXX_LANGUAGE_STANDARD = "gnu++0x";
				CLANG_CXX_LIBRARY = "libc++";
				CLANG_ENABLE_MODULES = YES;
				CLANG_ENABLE_OBJC_ARC = YES;
				CLANG_WARN_BOOL_CONVERSION = YES;
				CLANG_WARN_CONSTANT_CONVERSION = YES;
				CLANG_WARN_DIRECT_OBJC_ISA_USAGE = YES_ERROR;
				CLANG_WARN_EMPTY_BODY = YES;
				CLANG_WARN_ENUM_CONVERSION = YES;
				CLANG_WARN_INT_CONVERSION = YES;
				CLANG_WARN_OBJC_ROOT_CLASS = YES_ERROR;
				CLANG_WARN_UNREACHABLE_CODE = YES;
				CLANG_WARN__DUPLICATE_METHOD_MATCH = YES;
				"CODE_SIGN_IDENTITY[sdk=iphoneos*]" = "iPhone Developer";
				COPY_PHASE_STRIP = YES;
				ENABLE_NS_ASSERTIONS = NO;
				ENABLE_STRICT_OBJC_MSGSEND = YES;
				GCC_C_LANGUAGE_STANDARD = gnu99;
				GCC_WARN_64_TO_32_BIT_CONVERSION = YES;
				GCC_WARN_ABOUT_RETURN_TYPE = YES_ERROR;
				GCC_WARN_UNDECLARED_SELECTOR = YES;
				GCC_WARN_UNINITIALIZED_AUTOS = YES_AGGRESSIVE;
				GCC_WARN_UNUSED_FUNCTION = YES;
				GCC_WARN_UNUSED_VARIABLE = YES;
				IPHONEOS_DEPLOYMENT_TARGET = 8.1;
				MTL_ENABLE_DEBUG_INFO = NO;
				SDKROOT = iphoneos;
				VALIDATE_PRODUCT = YES;
			};
			name = Release;
		};
		BFC0C1491ACA29DC00F0002F /* Debug */ = {
			isa = XCBuildConfiguration;
			buildSettings = {
				ASSETCATALOG_COMPILER_APPICON_NAME = AppIcon;
				INFOPLIST_FILE = "Hop Hero/Info.plist";
				LD_RUNPATH_SEARCH_PATHS = "$(inherited) @executable_path/Frameworks";
				PRODUCT_NAME = "$(TARGET_NAME)";
			};
			name = Debug;
		};
		BFC0C14A1ACA29DC00F0002F /* Release */ = {
			isa = XCBuildConfiguration;
			buildSettings = {
				ASSETCATALOG_COMPILER_APPICON_NAME = AppIcon;
				INFOPLIST_FILE = "Hop Hero/Info.plist";
				LD_RUNPATH_SEARCH_PATHS = "$(inherited) @executable_path/Frameworks";
				PRODUCT_NAME = "$(TARGET_NAME)";
			};
			name = Release;
		};
		BFC0C14C1ACA29DC00F0002F /* Debug */ = {
			isa = XCBuildConfiguration;
			buildSettings = {
				BUNDLE_LOADER = "$(TEST_HOST)";
				FRAMEWORK_SEARCH_PATHS = (
					"$(SDKROOT)/Developer/Library/Frameworks",
					"$(inherited)",
				);
				GCC_PREPROCESSOR_DEFINITIONS = (
					"DEBUG=1",
					"$(inherited)",
				);
				INFOPLIST_FILE = "Hop HeroTests/Info.plist";
				LD_RUNPATH_SEARCH_PATHS = "$(inherited) @executable_path/Frameworks @loader_path/Frameworks";
				PRODUCT_NAME = "$(TARGET_NAME)";
				TEST_HOST = "$(BUILT_PRODUCTS_DIR)/Hop Hero.app/Hop Hero";
			};
			name = Debug;
		};
		BFC0C14D1ACA29DC00F0002F /* Release */ = {
			isa = XCBuildConfiguration;
			buildSettings = {
				BUNDLE_LOADER = "$(TEST_HOST)";
				FRAMEWORK_SEARCH_PATHS = (
					"$(SDKROOT)/Developer/Library/Frameworks",
					"$(inherited)",
				);
				INFOPLIST_FILE = "Hop HeroTests/Info.plist";
				LD_RUNPATH_SEARCH_PATHS = "$(inherited) @executable_path/Frameworks @loader_path/Frameworks";
				PRODUCT_NAME = "$(TARGET_NAME)";
				TEST_HOST = "$(BUILT_PRODUCTS_DIR)/Hop Hero.app/Hop Hero";
			};
			name = Release;
		};
/* End XCBuildConfiguration section */

/* Begin XCConfigurationList section */
		BFC0C11B1ACA29DC00F0002F /* Build configuration list for PBXProject "Hop Hero" */ = {
			isa = XCConfigurationList;
			buildConfigurations = (
				BFC0C1461ACA29DC00F0002F /* Debug */,
				BFC0C1471ACA29DC00F0002F /* Release */,
			);
			defaultConfigurationIsVisible = 0;
			defaultConfigurationName = Release;
		};
		BFC0C1481ACA29DC00F0002F /* Build configuration list for PBXNativeTarget "Hop Hero" */ = {
			isa = XCConfigurationList;
			buildConfigurations = (
				BFC0C1491ACA29DC00F0002F /* Debug */,
				BFC0C14A1ACA29DC00F0002F /* Release */,
			);
			defaultConfigurationIsVisible = 0;
		};
		BFC0C14B1ACA29DC00F0002F /* Build configuration list for PBXNativeTarget "Hop HeroTests" */ = {
			isa = XCConfigurationList;
			buildConfigurations = (
				BFC0C14C1ACA29DC00F0002F /* Debug */,
				BFC0C14D1ACA29DC00F0002F /* Release */,
			);
			defaultConfigurationIsVisible = 0;
		};
/* End XCConfigurationList section */
	};
	rootObject = BFC0C1181ACA29DC00F0002F /* Project object */;
}
